
Microsoft Visual Studio Solution File, Format Version 12.00
# Visual Studio Version 17
VisualStudioVersion = 17.1.32421.90
MinimumVisualStudioVersion = 10.0.40219.1
Project("{FAE04EC0-301F-11D3-BF4B-00C04F79EFBC}") = "EmpWageComputation1", "EmpWageComputation1.csproj", "{D53E7D6C-CADE-42E1-9098-FBA8E89AA78D}"
EndProject
Global
	GlobalSection(SolutionConfigurationPlatforms) = preSolution
		Debug|Any CPU = Debug|Any CPU
		Release|Any CPU = Release|Any CPU
	EndGlobalSection
	GlobalSection(ProjectConfigurationPlatforms) = postSolution
		{D53E7D6C-CADE-42E1-9098-FBA8E89AA78D}.Debug|Any CPU.ActiveCfg = Debug|Any CPU
		{D53E7D6C-CADE-42E1-9098-FBA8E89AA78D}.Debug|Any CPU.Build.0 = Debug|Any CPU
		{D53E7D6C-CADE-42E1-9098-FBA8E89AA78D}.Release|Any CPU.ActiveCfg = Release|Any CPU
		{D53E7D6C-CADE-42E1-9098-FBA8E89AA78D}.Release|Any CPU.Build.0 = Release|Any CPU
	EndGlobalSection
	GlobalSection(SolutionProperties) = preSolution
		HideSolutionNode = FALSE
	EndGlobalSection
	GlobalSection(ExtensibilityGlobals) = postSolution
		SolutionGuid = {A8D30F61-298B-4BB9-AF92-21BA5E4EA386}
	EndGlobalSection
EndGlobal
